dependencies:
- name: keptn-cert-manager
  repository: https://charts.lifecycle.keptn.sh
  version: 0.2.5
- name: keptn-lifecycle-operator
  repository: https://charts.lifecycle.keptn.sh
  version: 0.4.0
- name: keptn-metrics-operator
  repository: https://charts.lifecycle.keptn.sh
  version: 0.2.3
digest: sha256:51cd31e123238430f2018e280810377457018ca3e708f7799ac1d7b066857aa9
generated: "2024-08-06T09:48:23.64557583Z"
