dependencies:
- name: keptn-cert-manager
  repository: https://charts.lifecycle.keptn.sh
  version: 0.2.2
- name: keptn-lifecycle-operator
  repository: https://charts.lifecycle.keptn.sh
  version: 0.2.1
- name: keptn-metrics-operator
  repository: https://charts.lifecycle.keptn.sh
  version: 0.1.2
digest: sha256:e6c609c37422f50f6d71c451b719e9dcbadd97d3fc9294e09bd55abf0a094af2
generated: "2024-03-05T08:39:16.039508716Z"
