dependencies:
- name: keptn-cert-manager
  repository: https://charts.lifecycle.keptn.sh
  version: 0.2.1
- name: keptn-lifecycle-operator
  repository: https://charts.lifecycle.keptn.sh
  version: 0.2.0
- name: keptn-metrics-operator
  repository: https://charts.lifecycle.keptn.sh
  version: 0.1.1
digest: sha256:5939ee0e7abaffde3fce4e4526f2bdbc1eeda08dc070e1f9656934d1080f3b5a
generated: "2024-02-08T08:44:51.926301234Z"
